// !$*UTF8*$!
{
	archiveVersion = 1;
	classes = {
	};
	objectVersion = 77;
	objects = {

/* Begin PBXBuildFile section */
		B0B1AC032FD2C142000D4EB1 /* Sparkle in Frameworks */ = {isa = PBXBuildFile; productRef = B0B1AC022FD2C142000D4EB1 /* Sparkle */; };
/* End PBXBuildFile section */

/* Begin PBXContainerItemProxy section */
		B0B1AB992FD2C142000D4EB1 /* PBXContainerItemProxy */ = {
			isa = PBXContainerItemProxy;
			containerPortal = B0B1AB832FD2C141000D4EB1 /* Project object */;
			proxyType = 1;
			remoteGlobalIDString = B0B1AB8A2FD2C141000D4EB1;
			remoteInfo = "tokitoki-macos";
		};
		B0B1ABA32FD2C142000D4EB1 /* PBXContainerItemProxy */ = {
			isa = PBXContainerItemProxy;
			containerPortal = B0B1AB832FD2C141000D4EB1 /* Project object */;
			proxyType = 1;
			remoteGlobalIDString = B0B1AB8A2FD2C141000D4EB1;
			remoteInfo = "tokitoki-macos";
		};
/* End PBXContainerItemProxy section */

/* Begin PBXFileReference section */
		B0B1AB8B2FD2C141000D4EB1 /* Tokitoki.app */ = {isa = PBXFileReference; explicitFileType = wrapper.application; includeInIndex = 0; path = Tokitoki.app; sourceTree = BUILT_PRODUCTS_DIR; };
		B0B1AB982FD2C142000D4EB1 /* tokitoki-macosTests.xctest */ = {isa = PBXFileReference; explicitFileType = wrapper.cfbundle; includeInIndex = 0; path = "tokitoki-macosTests.xctest"; sourceTree = BUILT_PRODUCTS_DIR; };
		B0B1ABA22FD2C142000D4EB1 /* tokitoki-macosUITests.xctest */ = {isa = PBXFileReference; explicitFileType = wrapper.cfbundle; includeInIndex = 0; path = "tokitoki-macosUITests.xctest"; sourceTree = BUILT_PRODUCTS_DIR; };
/* End PBXFileReference section */

/* Begin PBXFileSystemSynchronizedBuildFileExceptionSet section */
		B0B1AC0A2FD2C142000D4EB1 /* Exceptions for "tokitoki-macos" folder in "tokitoki-macos" target */ = {
			isa = PBXFileSystemSynchronizedBuildFileExceptionSet;
			membershipExceptions = (
				Info.plist,
			);
			target = B0B1AB8A2FD2C141000D4EB1 /* tokitoki-macos */;
		};
/* End PBXFileSystemSynchronizedBuildFileExceptionSet section */

/* Begin PBXFileSystemSynchronizedRootGroup section */
		B0B1AB8D2FD2C141000D4EB1 /* tokitoki-macos */ = {
			isa = PBXFileSystemSynchronizedRootGroup;
			exceptions = (
				B0B1AC0A2FD2C142000D4EB1 /* Exceptions for "tokitoki-macos" folder in "tokitoki-macos" target */,
			);
			path = "tokitoki-macos";
			sourceTree = "<group>";
		};
		B0B1AB9B2FD2C142000D4EB1 /* tokitoki-macosTests */ = {
			isa = PBXFileSystemSynchronizedRootGroup;
			path = "tokitoki-macosTests";
			sourceTree = "<group>";
		};
		B0B1ABA52FD2C142000D4EB1 /* tokitoki-macosUITests */ = {
			isa = PBXFileSystemSynchronizedRootGroup;
			path = "tokitoki-macosUITests";
			sourceTree = "<group>";
		};
/* End PBXFileSystemSynchronizedRootGroup section */

/* Begin PBXFrameworksBuildPhase section */
		B0B1AB882FD2C141000D4EB1 /* Frameworks */ = {
			isa = PBXFrameworksBuildPhase;
			buildActionMask = 2147483647;
			files = (
				B0B1AC032FD2C142000D4EB1 /* Sparkle in Frameworks */,
			);
			runOnlyForDeploymentPostprocessing = 0;
		};
		B0B1AB952FD2C142000D4EB1 /* Frameworks */ = {
			isa = PBXFrameworksBuildPhase;
			buildActionMask = 2147483647;
			files = (
			);
			runOnlyForDeploymentPostprocessing = 0;
		};
		B0B1AB9F2FD2C142000D4EB1 /* Frameworks */ = {
			isa = PBXFrameworksBuildPhase;
			buildActionMask = 2147483647;
			files = (
			);
			runOnlyForDeploymentPostprocessing = 0;
		};
/* End PBXFrameworksBuildPhase section */

/* Begin PBXGroup section */
		B0B1AB822FD2C141000D4EB1 = {
			isa = PBXGroup;
			children = (
				B0B1AB8D2FD2C141000D4EB1 /* tokitoki-macos */,
				B0B1AB9B2FD2C142000D4EB1 /* tokitoki-macosTests */,
				B0B1ABA52FD2C142000D4EB1 /* tokitoki-macosUITests */,
				B0B1AB8C2FD2C141000D4EB1 /* Products */,
			);
			sourceTree = "<group>";
		};
		B0B1AB8C2FD2C141000D4EB1 /* Products */ = {
			isa = PBXGroup;
			children = (
				B0B1AB8B2FD2C141000D4EB1 /* Tokitoki.app */,
				B0B1AB982FD2C142000D4EB1 /* tokitoki-macosTests.xctest */,
				B0B1ABA22FD2C142000D4EB1 /* tokitoki-macosUITests.xctest */,
			);
			name = Products;
			sourceTree = "<group>";
		};
/* End PBXGroup section */

/* Begin PBXNativeTarget section */
		B0B1AB8A2FD2C141000D4EB1 /* tokitoki-macos */ = {
			isa = PBXNativeTarget;
			buildConfigurationList = B0B1ABAC2FD2C142000D4EB1 /* Build configuration list for PBXNativeTarget "tokitoki-macos" */;
			buildPhases = (
				B0B1AB872FD2C141000D4EB1 /* Sources */,
				B0B1AB882FD2C141000D4EB1 /* Frameworks */,
				B0B1AB892FD2C141000D4EB1 /* Resources */,
				B0B1ABC02FD2C142000D4EB1 /* Bundle TokiToki CLI */,
			);
			buildRules = (
			);
			dependencies = (
			);
			fileSystemSynchronizedGroups = (
				B0B1AB8D2FD2C141000D4EB1 /* tokitoki-macos */,
			);
			name = "tokitoki-macos";
			packageProductDependencies = (
				B0B1AC022FD2C142000D4EB1 /* Sparkle */,
			);
			productName = Tokitoki;
			productReference = B0B1AB8B2FD2C141000D4EB1 /* Tokitoki.app */;
			productType = "com.apple.product-type.application";
		};
		B0B1AB972FD2C142000D4EB1 /* tokitoki-macosTests */ = {
			isa = PBXNativeTarget;
			buildConfigurationList = B0B1ABAF2FD2C142000D4EB1 /* Build configuration list for PBXNativeTarget "tokitoki-macosTests" */;
			buildPhases = (
				B0B1AB942FD2C142000D4EB1 /* Sources */,
				B0B1AB952FD2C142000D4EB1 /* Frameworks */,
				B0B1AB962FD2C142000D4EB1 /* Resources */,
			);
			buildRules = (
			);
			dependencies = (
				B0B1AB9A2FD2C142000D4EB1 /* PBXTargetDependency */,
			);
			fileSystemSynchronizedGroups = (
				B0B1AB9B2FD2C142000D4EB1 /* tokitoki-macosTests */,
			);
			name = "tokitoki-macosTests";
			packageProductDependencies = (
			);
			productName = "tokitoki-macosTests";
			productReference = B0B1AB982FD2C142000D4EB1 /* tokitoki-macosTests.xctest */;
			productType = "com.apple.product-type.bundle.unit-test";
		};
		B0B1ABA12FD2C142000D4EB1 /* tokitoki-macosUITests */ = {
			isa = PBXNativeTarget;
			buildConfigurationList = B0B1ABB22FD2C142000D4EB1 /* Build configuration list for PBXNativeTarget "tokitoki-macosUITests" */;
			buildPhases = (
				B0B1AB9E2FD2C142000D4EB1 /* Sources */,
				B0B1AB9F2FD2C142000D4EB1 /* Frameworks */,
				B0B1ABA02FD2C142000D4EB1 /* Resources */,
			);
			buildRules = (
			);
			dependencies = (
				B0B1ABA42FD2C142000D4EB1 /* PBXTargetDependency */,
			);
			fileSystemSynchronizedGroups = (
				B0B1ABA52FD2C142000D4EB1 /* tokitoki-macosUITests */,
			);
			name = "tokitoki-macosUITests";
			packageProductDependencies = (
			);
			productName = "tokitoki-macosUITests";
			productReference = B0B1ABA22FD2C142000D4EB1 /* tokitoki-macosUITests.xctest */;
			productType = "com.apple.product-type.bundle.ui-testing";
		};
/* End PBXNativeTarget section */

/* Begin PBXProject section */
		B0B1AB832FD2C141000D4EB1 /* Project object */ = {
			isa = PBXProject;
			attributes = {
				BuildIndependentTargetsInParallel = 1;
				LastSwiftUpdateCheck = 2640;
				LastUpgradeCheck = 2640;
				TargetAttributes = {
					B0B1AB8A2FD2C141000D4EB1 = {
						CreatedOnToolsVersion = 26.4.1;
					};
					B0B1AB972FD2C142000D4EB1 = {
						CreatedOnToolsVersion = 26.4.1;
						TestTargetID = B0B1AB8A2FD2C141000D4EB1;
					};
					B0B1ABA12FD2C142000D4EB1 = {
						CreatedOnToolsVersion = 26.4.1;
						TestTargetID = B0B1AB8A2FD2C141000D4EB1;
					};
				};
			};
			buildConfigurationList = B0B1AB862FD2C141000D4EB1 /* Build configuration list for PBXProject "tokitoki-macos" */;
			developmentRegion = en;
			hasScannedForEncodings = 0;
			knownRegions = (
				en,
				Base,
			);
			mainGroup = B0B1AB822FD2C141000D4EB1;
			minimizedProjectReferenceProxies = 1;
			packageReferences = (
				B0B1AC012FD2C142000D4EB1 /* XCRemoteSwiftPackageReference "Sparkle" */,
			);
			preferredProjectObjectVersion = 77;
			productRefGroup = B0B1AB8C2FD2C141000D4EB1 /* Products */;
			projectDirPath = "";
			projectRoot = "";
			targets = (
				B0B1AB8A2FD2C141000D4EB1 /* tokitoki-macos */,
				B0B1AB972FD2C142000D4EB1 /* tokitoki-macosTests */,
				B0B1ABA12FD2C142000D4EB1 /* tokitoki-macosUITests */,
			);
		};
/* End PBXProject section */

/* Begin PBXResourcesBuildPhase section */
		B0B1AB892FD2C141000D4EB1 /* Resources */ = {
			isa = PBXResourcesBuildPhase;
			buildActionMask = 2147483647;
			files = (
			);
			runOnlyForDeploymentPostprocessing = 0;
		};
		B0B1AB962FD2C142000D4EB1 /* Resources */ = {
			isa = PBXResourcesBuildPhase;
			buildActionMask = 2147483647;
			files = (
			);
			runOnlyForDeploymentPostprocessing = 0;
		};
		B0B1ABA02FD2C142000D4EB1 /* Resources */ = {
			isa = PBXResourcesBuildPhase;
			buildActionMask = 2147483647;
			files = (
			);
			runOnlyForDeploymentPostprocessing = 0;
		};
/* End PBXResourcesBuildPhase section */

/* Begin PBXShellScriptBuildPhase section */
		B0B1ABC02FD2C142000D4EB1 /* Bundle TokiToki CLI */ = {
			isa = PBXShellScriptBuildPhase;
			alwaysOutOfDate = 1;
			buildActionMask = 2147483647;
			files = (
			);
			inputFileListPaths = (
			);
			inputPaths = (
				"$(PROJECT_DIR)/scripts/bundle-cli.sh",
			);
			name = "Bundle TokiToki CLI";
			outputFileListPaths = (
			);
			outputPaths = (
				"$(TARGET_BUILD_DIR)/$(UNLOCALIZED_RESOURCES_FOLDER_PATH)/tokitoki",
			);
			runOnlyForDeploymentPostprocessing = 0;
			shellPath = /bin/sh;
			shellScript = "\"$PROJECT_DIR/scripts/bundle-cli.sh\"\n";
		};
/* End PBXShellScriptBuildPhase section */

/* Begin PBXSourcesBuildPhase section */
		B0B1AB872FD2C141000D4EB1 /* Sources */ = {
			isa = PBXSourcesBuildPhase;
			buildActionMask = 2147483647;
			files = (
			);
			runOnlyForDeploymentPostprocessing = 0;
		};
		B0B1AB942FD2C142000D4EB1 /* Sources */ = {
			isa = PBXSourcesBuildPhase;
			buildActionMask = 2147483647;
			files = (
			);
			runOnlyForDeploymentPostprocessing = 0;
		};
		B0B1AB9E2FD2C142000D4EB1 /* Sources */ = {
			isa = PBXSourcesBuildPhase;
			buildActionMask = 2147483647;
			files = (
			);
			runOnlyForDeploymentPostprocessing = 0;
		};
/* End PBXSourcesBuildPhase section */

/* Begin PBXTargetDependency section */
		B0B1AB9A2FD2C142000D4EB1 /* PBXTargetDependency */ = {
			isa = PBXTargetDependency;
			target = B0B1AB8A2FD2C141000D4EB1 /* tokitoki-macos */;
			targetProxy = B0B1AB992FD2C142000D4EB1 /* PBXContainerItemProxy */;
		};
		B0B1ABA42FD2C142000D4EB1 /* PBXTargetDependency */ = {
			isa = PBXTargetDependency;
			target = B0B1AB8A2FD2C141000D4EB1 /* tokitoki-macos */;
			targetProxy = B0B1ABA32FD2C142000D4EB1 /* PBXContainerItemProxy */;
		};
/* End PBXTargetDependency section */

/* Begin XCBuildConfiguration section */
		B0B1ABAA2FD2C142000D4EB1 /* Debug */ = {
			isa = XCBuildConfiguration;
			buildSettings = {
				ALWAYS_SEARCH_USER_PATHS = NO;
				ASSETCATALOG_COMPILER_GENERATE_SWIFT_ASSET_SYMBOL_EXTENSIONS = YES;
				CLANG_ANALYZER_NONNULL = YES;
				CLANG_ANALYZER_NUMBER_OBJECT_CONVERSION = YES_AGGRESSIVE;
				CLANG_CXX_LANGUAGE_STANDARD = "gnu++20";
				CLANG_ENABLE_MODULES = YES;
				CLANG_ENABLE_OBJC_ARC = YES;
				CLANG_ENABLE_OBJC_WEAK = YES;
				CLANG_WARN_BLOCK_CAPTURE_AUTORELEASING = YES;
				CLANG_WARN_BOOL_CONVERSION = YES;
				CLANG_WARN_COMMA = YES;
				CLANG_WARN_CONSTANT_CONVERSION = YES;
				CLANG_WARN_DEPRECATED_OBJC_IMPLEMENTATIONS = YES;
				CLANG_WARN_DIRECT_OBJC_ISA_USAGE = YES_ERROR;
				CLANG_WARN_DOCUMENTATION_COMMENTS = YES;
				CLANG_WARN_EMPTY_BODY = YES;
				CLANG_WARN_ENUM_CONVERSION = YES;
				CLANG_WARN_INFINITE_RECURSION = YES;
				CLANG_WARN_INT_CONVERSION = YES;
				CLANG_WARN_NON_LITERAL_NULL_CONVERSION = YES;
				CLANG_WARN_OBJC_IMPLICIT_RETAIN_SELF = YES;
				CLANG_WARN_OBJC_LITERAL_CONVERSION = YES;
				CLANG_WARN_OBJC_ROOT_CLASS = YES_ERROR;
				CLANG_WARN_QUOTED_INCLUDE_IN_FRAMEWORK_HEADER = YES;
				CLANG_WARN_RANGE_LOOP_ANALYSIS = YES;
				CLANG_WARN_STRICT_PROTOTYPES = YES;
				CLANG_WARN_SUSPICIOUS_MOVE = YES;
				CLANG_WARN_UNGUARDED_AVAILABILITY = YES_AGGRESSIVE;
				CLANG_WARN_UNREACHABLE_CODE = YES;
				CLANG_WARN__DUPLICATE_METHOD_MATCH = YES;
				COPY_PHASE_STRIP = NO;
				DEBUG_INFORMATION_FORMAT = dwarf;
				DEVELOPMENT_TEAM = 998ZTJV2HQ;
				ENABLE_STRICT_OBJC_MSGSEND = YES;
				ENABLE_TESTABILITY = YES;
				ENABLE_USER_SCRIPT_SANDBOXING = YES;
				GCC_C_LANGUAGE_STANDARD = gnu17;
				GCC_DYNAMIC_NO_PIC = NO;
				GCC_NO_COMMON_BLOCKS = YES;
				GCC_OPTIMIZATION_LEVEL = 0;
				GCC_PREPROCESSOR_DEFINITIONS = (
					"DEBUG=1",
					"$(inherited)",
				);
				GCC_WARN_64_TO_32_BIT_CONVERSION = YES;
				GCC_WARN_ABOUT_RETURN_TYPE = YES_ERROR;
				GCC_WARN_UNDECLARED_SELECTOR = YES;
				GCC_WARN_UNINITIALIZED_AUTOS = YES_AGGRESSIVE;
				GCC_WARN_UNUSED_FUNCTION = YES;
				GCC_WARN_UNUSED_VARIABLE = YES;
				LOCALIZATION_PREFERS_STRING_CATALOGS = YES;
				MACOSX_DEPLOYMENT_TARGET = 13.0;
				MTL_ENABLE_DEBUG_INFO = INCLUDE_SOURCE;
				MTL_FAST_MATH = YES;
				ONLY_ACTIVE_ARCH = YES;
				SDKROOT = macosx;
				SWIFT_ACTIVE_COMPILATION_CONDITIONS = "DEBUG $(inherited)";
				SWIFT_OPTIMIZATION_LEVEL = "-Onone";
			};
			name = Debug;
		};
		B0B1ABAB2FD2C142000D4EB1 /* Release */ = {
			isa = XCBuildConfiguration;
			buildSettings = {
				ALWAYS_SEARCH_USER_PATHS = NO;
				ASSETCATALOG_COMPILER_GENERATE_SWIFT_ASSET_SYMBOL_EXTENSIONS = YES;
				CLANG_ANALYZER_NONNULL = YES;
				CLANG_ANALYZER_NUMBER_OBJECT_CONVERSION = YES_AGGRESSIVE;
				CLANG_CXX_LANGUAGE_STANDARD = "gnu++20";
				CLANG_ENABLE_MODULES = YES;
				CLANG_ENABLE_OBJC_ARC = YES;
				CLANG_ENABLE_OBJC_WEAK = YES;
				CLANG_WARN_BLOCK_CAPTURE_AUTORELEASING = YES;
				CLANG_WARN_BOOL_CONVERSION = YES;
				CLANG_WARN_COMMA = YES;
				CLANG_WARN_CONSTANT_CONVERSION = YES;
				CLANG_WARN_DEPRECATED_OBJC_IMPLEMENTATIONS = YES;
				CLANG_WARN_DIRECT_OBJC_ISA_USAGE = YES_ERROR;
				CLANG_WARN_DOCUMENTATION_COMMENTS = YES;
				CLANG_WARN_EMPTY_BODY = YES;
				CLANG_WARN_ENUM_CONVERSION = YES;
				CLANG_WARN_INFINITE_RECURSION = YES;
				CLANG_WARN_INT_CONVERSION = YES;
				CLANG_WARN_NON_LITERAL_NULL_CONVERSION = YES;
				CLANG_WARN_OBJC_IMPLICIT_RETAIN_SELF = YES;
				CLANG_WARN_OBJC_LITERAL_CONVERSION = YES;
				CLANG_WARN_OBJC_ROOT_CLASS = YES_ERROR;
				CLANG_WARN_QUOTED_INCLUDE_IN_FRAMEWORK_HEADER = YES;
				CLANG_WARN_RANGE_LOOP_ANALYSIS = YES;
				CLANG_WARN_STRICT_PROTOTYPES = YES;
				CLANG_WARN_SUSPICIOUS_MOVE = YES;
				CLANG_WARN_UNGUARDED_AVAILABILITY = YES_AGGRESSIVE;
				CLANG_WARN_UNREACHABLE_CODE = YES;
				CLANG_WARN__DUPLICATE_METHOD_MATCH = YES;
				COPY_PHASE_STRIP = NO;
				DEBUG_INFORMATION_FORMAT = "dwarf-with-dsym";
				DEVELOPMENT_TEAM = 998ZTJV2HQ;
				ENABLE_NS_ASSERTIONS = NO;
				ENABLE_STRICT_OBJC_MSGSEND = YES;
				ENABLE_USER_SCRIPT_SANDBOXING = YES;
				GCC_C_LANGUAGE_STANDARD = gnu17;
				GCC_NO_COMMON_BLOCKS = YES;
				GCC_WARN_64_TO_32_BIT_CONVERSION = YES;
				GCC_WARN_ABOUT_RETURN_TYPE = YES_ERROR;
				GCC_WARN_UNDECLARED_SELECTOR = YES;
				GCC_WARN_UNINITIALIZED_AUTOS = YES_AGGRESSIVE;
				GCC_WARN_UNUSED_FUNCTION = YES;
				GCC_WARN_UNUSED_VARIABLE = YES;
				LOCALIZATION_PREFERS_STRING_CATALOGS = YES;
				MACOSX_DEPLOYMENT_TARGET = 13.0;
				MTL_ENABLE_DEBUG_INFO = NO;
				MTL_FAST_MATH = YES;
				SDKROOT = macosx;
				SWIFT_COMPILATION_MODE = wholemodule;
			};
			name = Release;
		};
		B0B1ABAD2FD2C142000D4EB1 /* Debug */ = {
			isa = XCBuildConfiguration;
			buildSettings = {
				ASSETCATALOG_COMPILER_APPICON_NAME = TokiTokiAppIcon;
				ASSETCATALOG_COMPILER_GLOBAL_ACCENT_COLOR_NAME = AccentColor;
				CODE_SIGN_STYLE = Automatic;
				COMBINE_HIDPI_IMAGES = YES;
				CURRENT_PROJECT_VERSION = 1;
				DEVELOPMENT_TEAM = 998ZTJV2HQ;
				ENABLE_APP_SANDBOX = NO;
				ENABLE_HARDENED_RUNTIME = YES;
				ENABLE_PREVIEWS = YES;
				ENABLE_USER_SELECTED_FILES = readonly;
				GENERATE_INFOPLIST_FILE = YES;
				INFOPLIST_FILE = "tokitoki-macos/Info.plist";
				INFOPLIST_KEY_CFBundleDisplayName = Tokitoki;
				INFOPLIST_KEY_LSApplicationCategoryType = "public.app-category.developer-tools";
				INFOPLIST_KEY_LSUIElement = YES;
				INFOPLIST_KEY_NSHumanReadableCopyright = "";
				LD_RUNPATH_SEARCH_PATHS = (
					"$(inherited)",
					"@executable_path/../Frameworks",
				);
				MARKETING_VERSION = 0.1.0;
				PRODUCT_BUNDLE_IDENTIFIER = "dev.tokitoki.macos";
				PRODUCT_MODULE_NAME = tokitoki_macos;
				PRODUCT_NAME = Tokitoki;
				REGISTER_APP_GROUPS = YES;
				STRING_CATALOG_GENERATE_SYMBOLS = YES;
				SWIFT_APPROACHABLE_CONCURRENCY = YES;
				SWIFT_DEFAULT_ACTOR_ISOLATION = MainActor;
				SWIFT_EMIT_LOC_STRINGS = YES;
				SWIFT_UPCOMING_FEATURE_MEMBER_IMPORT_VISIBILITY = YES;
				SWIFT_VERSION = 5.0;
				TOKITOKI_SPARKLE_PUBLIC_KEY = "LD6FHlOZA+8LyHG+YSoLq5iFXZz70PAYO5WynhBomFY=";
			};
			name = Debug;
		};
		B0B1ABAE2FD2C142000D4EB1 /* Release */ = {
			isa = XCBuildConfiguration;
			buildSettings = {
				ASSETCATALOG_COMPILER_APPICON_NAME = TokiTokiAppIcon;
				ASSETCATALOG_COMPILER_GLOBAL_ACCENT_COLOR_NAME = AccentColor;
				CODE_SIGN_STYLE = Automatic;
				COMBINE_HIDPI_IMAGES = YES;
				CURRENT_PROJECT_VERSION = 1;
				DEVELOPMENT_TEAM = 998ZTJV2HQ;
				ENABLE_APP_SANDBOX = NO;
				ENABLE_HARDENED_RUNTIME = YES;
				ENABLE_PREVIEWS = YES;
				ENABLE_USER_SELECTED_FILES = readonly;
				GENERATE_INFOPLIST_FILE = YES;
				INFOPLIST_FILE = "tokitoki-macos/Info.plist";
				INFOPLIST_KEY_CFBundleDisplayName = Tokitoki;
				INFOPLIST_KEY_LSApplicationCategoryType = "public.app-category.developer-tools";
				INFOPLIST_KEY_LSUIElement = YES;
				INFOPLIST_KEY_NSHumanReadableCopyright = "";
				LD_RUNPATH_SEARCH_PATHS = (
					"$(inherited)",
					"@executable_path/../Frameworks",
				);
				MARKETING_VERSION = 0.1.0;
				PRODUCT_BUNDLE_IDENTIFIER = "dev.tokitoki.macos";
				PRODUCT_MODULE_NAME = tokitoki_macos;
				PRODUCT_NAME = Tokitoki;
				REGISTER_APP_GROUPS = YES;
				STRING_CATALOG_GENERATE_SYMBOLS = YES;
				SWIFT_APPROACHABLE_CONCURRENCY = YES;
				SWIFT_DEFAULT_ACTOR_ISOLATION = MainActor;
				SWIFT_EMIT_LOC_STRINGS = YES;
				SWIFT_UPCOMING_FEATURE_MEMBER_IMPORT_VISIBILITY = YES;
				SWIFT_VERSION = 5.0;
				TOKITOKI_SPARKLE_PUBLIC_KEY = "LD6FHlOZA+8LyHG+YSoLq5iFXZz70PAYO5WynhBomFY=";
			};
			name = Release;
		};
		B0B1ABB02FD2C142000D4EB1 /* Debug */ = {
			isa = XCBuildConfiguration;
			buildSettings = {
				BUNDLE_LOADER = "$(TEST_HOST)";
				CODE_SIGN_STYLE = Automatic;
				CURRENT_PROJECT_VERSION = 1;
				DEVELOPMENT_TEAM = 998ZTJV2HQ;
				GENERATE_INFOPLIST_FILE = YES;
				MACOSX_DEPLOYMENT_TARGET = 14.0;
				MARKETING_VERSION = 0.1.0;
				PRODUCT_BUNDLE_IDENTIFIER = "dev.tokitoki.macosTests";
				PRODUCT_NAME = "$(TARGET_NAME)";
				STRING_CATALOG_GENERATE_SYMBOLS = NO;
				SWIFT_APPROACHABLE_CONCURRENCY = YES;
				SWIFT_EMIT_LOC_STRINGS = NO;
				SWIFT_UPCOMING_FEATURE_MEMBER_IMPORT_VISIBILITY = YES;
				SWIFT_VERSION = 5.0;
				TEST_HOST = "$(BUILT_PRODUCTS_DIR)/Tokitoki.app/$(BUNDLE_EXECUTABLE_FOLDER_PATH)/Tokitoki";
			};
			name = Debug;
		};
		B0B1ABB12FD2C142000D4EB1 /* Release */ = {
			isa = XCBuildConfiguration;
			buildSettings = {
				BUNDLE_LOADER = "$(TEST_HOST)";
				CODE_SIGN_STYLE = Automatic;
				CURRENT_PROJECT_VERSION = 1;
				DEVELOPMENT_TEAM = 998ZTJV2HQ;
				GENERATE_INFOPLIST_FILE = YES;
				MACOSX_DEPLOYMENT_TARGET = 14.0;
				MARKETING_VERSION = 0.1.0;
				PRODUCT_BUNDLE_IDENTIFIER = "dev.tokitoki.macosTests";
				PRODUCT_NAME = "$(TARGET_NAME)";
				STRING_CATALOG_GENERATE_SYMBOLS = NO;
				SWIFT_APPROACHABLE_CONCURRENCY = YES;
				SWIFT_EMIT_LOC_STRINGS = NO;
				SWIFT_UPCOMING_FEATURE_MEMBER_IMPORT_VISIBILITY = YES;
				SWIFT_VERSION = 5.0;
				TEST_HOST = "$(BUILT_PRODUCTS_DIR)/Tokitoki.app/$(BUNDLE_EXECUTABLE_FOLDER_PATH)/Tokitoki";
			};
			name = Release;
		};
		B0B1ABB32FD2C142000D4EB1 /* Debug */ = {
			isa = XCBuildConfiguration;
			buildSettings = {
				CODE_SIGN_STYLE = Automatic;
				CURRENT_PROJECT_VERSION = 1;
				DEVELOPMENT_TEAM = 998ZTJV2HQ;
				GENERATE_INFOPLIST_FILE = YES;
				MARKETING_VERSION = 0.1.0;
				PRODUCT_BUNDLE_IDENTIFIER = "dev.tokitoki.macosUITests";
				PRODUCT_NAME = "$(TARGET_NAME)";
				STRING_CATALOG_GENERATE_SYMBOLS = NO;
				SWIFT_APPROACHABLE_CONCURRENCY = YES;
				SWIFT_EMIT_LOC_STRINGS = NO;
				SWIFT_UPCOMING_FEATURE_MEMBER_IMPORT_VISIBILITY = YES;
				SWIFT_VERSION = 5.0;
				TEST_TARGET_NAME = "tokitoki-macos";
			};
			name = Debug;
		};
		B0B1ABB42FD2C142000D4EB1 /* Release */ = {
			isa = XCBuildConfiguration;
			buildSettings = {
				CODE_SIGN_STYLE = Automatic;
				CURRENT_PROJECT_VERSION = 1;
				DEVELOPMENT_TEAM = 998ZTJV2HQ;
				GENERATE_INFOPLIST_FILE = YES;
				MARKETING_VERSION = 0.1.0;
				PRODUCT_BUNDLE_IDENTIFIER = "dev.tokitoki.macosUITests";
				PRODUCT_NAME = "$(TARGET_NAME)";
				STRING_CATALOG_GENERATE_SYMBOLS = NO;
				SWIFT_APPROACHABLE_CONCURRENCY = YES;
				SWIFT_EMIT_LOC_STRINGS = NO;
				SWIFT_UPCOMING_FEATURE_MEMBER_IMPORT_VISIBILITY = YES;
				SWIFT_VERSION = 5.0;
				TEST_TARGET_NAME = "tokitoki-macos";
			};
			name = Release;
		};
/* End XCBuildConfiguration section */

/* Begin XCConfigurationList section */
		B0B1AB862FD2C141000D4EB1 /* Build configuration list for PBXProject "tokitoki-macos" */ = {
			isa = XCConfigurationList;
			buildConfigurations = (
				B0B1ABAA2FD2C142000D4EB1 /* Debug */,
				B0B1ABAB2FD2C142000D4EB1 /* Release */,
			);
			defaultConfigurationIsVisible = 0;
			defaultConfigurationName = Release;
		};
		B0B1ABAC2FD2C142000D4EB1 /* Build configuration list for PBXNativeTarget "tokitoki-macos" */ = {
			isa = XCConfigurationList;
			buildConfigurations = (
				B0B1ABAD2FD2C142000D4EB1 /* Debug */,
				B0B1ABAE2FD2C142000D4EB1 /* Release */,
			);
			defaultConfigurationIsVisible = 0;
			defaultConfigurationName = Release;
		};
		B0B1ABAF2FD2C142000D4EB1 /* Build configuration list for PBXNativeTarget "tokitoki-macosTests" */ = {
			isa = XCConfigurationList;
			buildConfigurations = (
				B0B1ABB02FD2C142000D4EB1 /* Debug */,
				B0B1ABB12FD2C142000D4EB1 /* Release */,
			);
			defaultConfigurationIsVisible = 0;
			defaultConfigurationName = Release;
		};
		B0B1ABB22FD2C142000D4EB1 /* Build configuration list for PBXNativeTarget "tokitoki-macosUITests" */ = {
			isa = XCConfigurationList;
			buildConfigurations = (
				B0B1ABB32FD2C142000D4EB1 /* Debug */,
				B0B1ABB42FD2C142000D4EB1 /* Release */,
			);
			defaultConfigurationIsVisible = 0;
			defaultConfigurationName = Release;
		};
/* End XCConfigurationList section */

/* Begin XCRemoteSwiftPackageReference section */
		B0B1AC012FD2C142000D4EB1 /* XCRemoteSwiftPackageReference "Sparkle" */ = {
			isa = XCRemoteSwiftPackageReference;
			repositoryURL = "https://github.com/sparkle-project/Sparkle";
			requirement = {
				kind = exactVersion;
				version = 2.9.4;
			};
		};
/* End XCRemoteSwiftPackageReference section */

/* Begin XCSwiftPackageProductDependency section */
		B0B1AC022FD2C142000D4EB1 /* Sparkle */ = {
			isa = XCSwiftPackageProductDependency;
			package = B0B1AC012FD2C142000D4EB1 /* XCRemoteSwiftPackageReference "Sparkle" */;
			productName = Sparkle;
		};
/* End XCSwiftPackageProductDependency section */
	};
	rootObject = B0B1AB832FD2C141000D4EB1 /* Project object */;
}
